PODS:
  - Capacitor (7.6.1):
    - CapacitorCordova
  - CapacitorApp (7.1.2):
    - Capacitor
  - CapacitorCamera (7.0.5):
    - Capacitor
  - CapacitorCordova (7.6.1)
  - CapacitorFilesystem (7.1.8):
    - Capacitor
    - IONFilesystemLib (~> 1.1.1)
  - CapacitorHaptics (7.0.5):
    - Capacitor
  - CapacitorPreferences (7.0.4):
    - Capacitor
  - CapacitorSplashScreen (7.0.5):
    - Capacitor
  - CapacitorStatusBar (7.0.6):
    - Capacitor
  - CapacitorVoiceRecorder (7.0.6):
    - Capacitor
  - IONFilesystemLib (1.1.2)
  - PurchasesHybridCommon (17.25.0):
    - RevenueCat (= 5.51.1)
  - PurchasesHybridCommonUI (17.25.0):
    - PurchasesHybridCommon (= 17.25.0)
    - RevenueCatUI (= 5.51.1)
  - RevenueCat (5.51.1)
  - RevenuecatPurchasesCapacitor (11.3.2):
    - Capacitor
    - PurchasesHybridCommon (= 17.25.0)
  - RevenuecatPurchasesCapacitorUi (11.3.2):
    - Capacitor
    - PurchasesHybridCommonUI (= 17.25.0)
  - RevenueCatUI (5.51.1):
    - RevenueCat (= 5.51.1)

DEPENDENCIES:
  - "Capacitor (from `../../node_modules/.pnpm/@capacitor+ios@7.6.1_@capacitor+core@7.6.1/node_modules/@capacitor/ios`)"
  - "CapacitorApp (from `../../node_modules/.pnpm/@capacitor+app@7.1.2_@capacitor+core@7.6.1/node_modules/@capacitor/app`)"
  - "CapacitorCamera (from `../../node_modules/.pnpm/@capacitor+camera@7.0.5_@capacitor+core@7.6.1/node_modules/@capacitor/camera`)"
  - "CapacitorCordova (from `../../node_modules/.pnpm/@capacitor+ios@7.6.1_@capacitor+core@7.6.1/node_modules/@capacitor/ios`)"
  - "CapacitorFilesystem (from `../../node_modules/.pnpm/@capacitor+filesystem@7.1.8_@capacitor+core@7.6.1/node_modules/@capacitor/filesystem`)"
  - "CapacitorHaptics (from `../../node_modules/.pnpm/@capacitor+haptics@7.0.5_@capacitor+core@7.6.1/node_modules/@capacitor/haptics`)"
  - "CapacitorPreferences (from `../../node_modules/.pnpm/@capacitor+preferences@7.0.4_@capacitor+core@7.6.1/node_modules/@capacitor/preferences`)"
  - "CapacitorSplashScreen (from `../../node_modules/.pnpm/@capacitor+splash-screen@7.0.5_@capacitor+core@7.6.1/node_modules/@capacitor/splash-screen`)"
  - "CapacitorStatusBar (from `../../node_modules/.pnpm/@capacitor+status-bar@7.0.6_@capacitor+core@7.6.1/node_modules/@capacitor/status-bar`)"
  - "CapacitorVoiceRecorder (from `../../node_modules/.pnpm/capacitor-voice-recorder@7.0.6_@capacitor+core@7.6.1_@capacitor+filesystem@7.1.8_@capacitor+core@7.6.1_/node_modules/capacitor-voice-recorder`)"
  - "RevenuecatPurchasesCapacitor (from `../../node_modules/.pnpm/@revenuecat+purchases-capacitor@11.3.2_@capacitor+core@7.6.1/node_modules/@revenuecat/purchases-capacitor`)"
  - "RevenuecatPurchasesCapacitorUi (from `../../node_modules/.pnpm/@revenuecat+purchases-capacitor-ui@11.3.2_@capacitor+core@7.6.1/node_modules/@revenuecat/purchases-capacitor-ui`)"

SPEC REPOS:
  trunk:
    - IONFilesystemLib
    - PurchasesHybridCommon
    - PurchasesHybridCommonUI
    - RevenueCat
    - RevenueCatUI

EXTERNAL SOURCES:
  Capacitor:
    :path: "../../node_modules/.pnpm/@capacitor+ios@7.6.1_@capacitor+core@7.6.1/node_modules/@capacitor/ios"
  CapacitorApp:
    :path: "../../node_modules/.pnpm/@capacitor+app@7.1.2_@capacitor+core@7.6.1/node_modules/@capacitor/app"
  CapacitorCamera:
    :path: "../../node_modules/.pnpm/@capacitor+camera@7.0.5_@capacitor+core@7.6.1/node_modules/@capacitor/camera"
  CapacitorCordova:
    :path: "../../node_modules/.pnpm/@capacitor+ios@7.6.1_@capacitor+core@7.6.1/node_modules/@capacitor/ios"
  CapacitorFilesystem:
    :path: "../../node_modules/.pnpm/@capacitor+filesystem@7.1.8_@capacitor+core@7.6.1/node_modules/@capacitor/filesystem"
  CapacitorHaptics:
    :path: "../../node_modules/.pnpm/@capacitor+haptics@7.0.5_@capacitor+core@7.6.1/node_modules/@capacitor/haptics"
  CapacitorPreferences:
    :path: "../../node_modules/.pnpm/@capacitor+preferences@7.0.4_@capacitor+core@7.6.1/node_modules/@capacitor/preferences"
  CapacitorSplashScreen:
    :path: "../../node_modules/.pnpm/@capacitor+splash-screen@7.0.5_@capacitor+core@7.6.1/node_modules/@capacitor/splash-screen"
  CapacitorStatusBar:
    :path: "../../node_modules/.pnpm/@capacitor+status-bar@7.0.6_@capacitor+core@7.6.1/node_modules/@capacitor/status-bar"
  CapacitorVoiceRecorder:
    :path: "../../node_modules/.pnpm/capacitor-voice-recorder@7.0.6_@capacitor+core@7.6.1_@capacitor+filesystem@7.1.8_@capacitor+core@7.6.1_/node_modules/capacitor-voice-recorder"
  RevenuecatPurchasesCapacitor:
    :path: "../../node_modules/.pnpm/@revenuecat+purchases-capacitor@11.3.2_@capacitor+core@7.6.1/node_modules/@revenuecat/purchases-capacitor"
  RevenuecatPurchasesCapacitorUi:
    :path: "../../node_modules/.pnpm/@revenuecat+purchases-capacitor-ui@11.3.2_@capacitor+core@7.6.1/node_modules/@revenuecat/purchases-capacitor-ui"

SPEC CHECKSUMS:
  Capacitor: b8dd0e1151c953171b0e02d04aa57f3389edcd97
  CapacitorApp: f01a913211780e0718dae9750442c3e23f96e106
  CapacitorCamera: 9e952270be355797f769aa835bb7643a96c871fe
  CapacitorCordova: 6ab7337f25a2c9ce7a3fdc2f249c480f447853e0
  CapacitorFilesystem: c63fc54df41e5a6761785a7f3c49dc696c22e296
  CapacitorHaptics: 1b145fa83c622e5383a3bac04ea81e2514f0b0f5
  CapacitorPreferences: 69d9991307507aeab8ef8019c10b9babfda0e9ca
  CapacitorSplashScreen: 409eeaaeac603d264f209c0fcb718aa22fe1f7bb
  CapacitorStatusBar: 416e9e53fd6397e668d4a181cd2131617d949bd6
  CapacitorVoiceRecorder: 9158861be982f32d411769723a4d813d6ce46135
  IONFilesystemLib: 21a63377696b2d8fab5632ecfb7d2ac67bddb68a
  PurchasesHybridCommon: 6a79a873ab52f777bfa36e9516f3fcd84d3b3428
  PurchasesHybridCommonUI: 3c1f78addfb3f470713548b4eac8c59254d0efe6
  RevenueCat: eab035bbab271faccfef5c36eaff2a1ffef14dc0
  RevenuecatPurchasesCapacitor: fa376932f9967c7ab4b5eac477e824d90393b91a
  RevenuecatPurchasesCapacitorUi: 969baeb81228e051e2b9e3e764f86f577e73a4b9
  RevenueCatUI: c6acb3648fa58ccb4f0f178556ed0278b796234f

PODFILE CHECKSUM: 619a411b381771623c1ff00f68e55766ebe468e6

COCOAPODS: 1.16.2
